
Microsoft Visual Studio Solution File, Format Version 12.00
# Visual Studio Version 17
VisualStudioVersion = 17.8.34511.84
MinimumVisualStudioVersion = 10.0.40219.1
Project("{FAE04EC0-301F-11D3-BF4B-00C04F79EFBC}") = "Question 3", "Question 3.csproj", "{61861DCB-A245-4EAB-BB3D-BBDEA5E61BE9}"
EndProject
Global
	GlobalSection(SolutionConfigurationPlatforms) = preSolution
		Debug|Any CPU = Debug|Any CPU
		Release|Any CPU = Release|Any CPU
	EndGlobalSection
	GlobalSection(ProjectConfigurationPlatforms) = postSolution
		{61861DCB-A245-4EAB-BB3D-BBDEA5E61BE9}.Debug|Any CPU.ActiveCfg = Debug|Any CPU
		{61861DCB-A245-4EAB-BB3D-BBDEA5E61BE9}.Debug|Any CPU.Build.0 = Debug|Any CPU
		{61861DCB-A245-4EAB-BB3D-BBDEA5E61BE9}.Release|Any CPU.ActiveCfg = Release|Any CPU
		{61861DCB-A245-4EAB-BB3D-BBDEA5E61BE9}.Release|Any CPU.Build.0 = Release|Any CPU
	EndGlobalSection
	GlobalSection(SolutionProperties) = preSolution
		HideSolutionNode = FALSE
	EndGlobalSection
	GlobalSection(ExtensibilityGlobals) = postSolution
		SolutionGuid = {124A9BD2-D20B-41A4-B67D-65D2F39178AC}
	EndGlobalSection
EndGlobal
